
Microsoft Visual Studio Solution File, Format Version 12.00
# Visual Studio Version 17
VisualStudioVersion = 17.5.33414.496
MinimumVisualStudioVersion = 10.0.40219.1
Project("{FAE04EC0-301F-11D3-BF4B-00C04F79EFBC}") = "compare", "compare\compare.csproj", "{53F8E101-FBEF-458E-B08D-D3379931F19B}"
EndProject
Global
	GlobalSection(SolutionConfigurationPlatforms) = preSolution
		Debug|Any CPU = Debug|Any CPU
		Release|Any CPU = Release|Any CPU
	EndGlobalSection
	GlobalSection(ProjectConfigurationPlatforms) = postSolution
		{53F8E101-FBEF-458E-B08D-D3379931F19B}.Debug|Any CPU.ActiveCfg = Debug|Any CPU
		{53F8E101-FBEF-458E-B08D-D3379931F19B}.Debug|Any CPU.Build.0 = Debug|Any CPU
		{53F8E101-FBEF-458E-B08D-D3379931F19B}.Release|Any CPU.ActiveCfg = Release|Any CPU
		{53F8E101-FBEF-458E-B08D-D3379931F19B}.Release|Any CPU.Build.0 = Release|Any CPU
	EndGlobalSection
	GlobalSection(SolutionProperties) = preSolution
		HideSolutionNode = FALSE
	EndGlobalSection
	GlobalSection(ExtensibilityGlobals) = postSolution
		SolutionGuid = {B30CA599-575A-4DB6-9821-85120AB47EFD}
	EndGlobalSection
EndGlobal
